
Microsoft Visual Studio Solution File, Format Version 12.00
# Visual Studio Version 17
VisualStudioVersion = 17.11.35219.272
MinimumVisualStudioVersion = 10.0.40219.1
Project("{FAE04EC0-301F-11D3-BF4B-00C04F79EFBC}") = "acredita.Shared", "acredita.Shared\acredita.Shared.csproj", "{FFC85EFD-DEE4-4A11-B46E-7FEE01483AEA}"
EndProject
Project("{FAE04EC0-301F-11D3-BF4B-00C04F79EFBC}") = "acredita.API", "acredita.API\acredita.API.csproj", "{9F397C3C-40A4-46A5-9D76-F9D5D2A62CB6}"
EndProject
Project("{FAE04EC0-301F-11D3-BF4B-00C04F79EFBC}") = "acredita.Web", "acredita.Web\acredita.Web.csproj", "{876848AC-296F-46E5-8ABC-8EE6B99FFE34}"
EndProject
Global
	GlobalSection(SolutionConfigurationPlatforms) = preSolution
		Debug|Any CPU = Debug|Any CPU
		Release|Any CPU = Release|Any CPU
	EndGlobalSection
	GlobalSection(ProjectConfigurationPlatforms) = postSolution
		{FFC85EFD-DEE4-4A11-B46E-7FEE01483AEA}.Debug|Any CPU.ActiveCfg = Debug|Any CPU
		{FFC85EFD-DEE4-4A11-B46E-7FEE01483AEA}.Debug|Any CPU.Build.0 = Debug|Any CPU
		{FFC85EFD-DEE4-4A11-B46E-7FEE01483AEA}.Release|Any CPU.ActiveCfg = Release|Any CPU
		{FFC85EFD-DEE4-4A11-B46E-7FEE01483AEA}.Release|Any CPU.Build.0 = Release|Any CPU
		{9F397C3C-40A4-46A5-9D76-F9D5D2A62CB6}.Debug|Any CPU.ActiveCfg = Debug|Any CPU
		{9F397C3C-40A4-46A5-9D76-F9D5D2A62CB6}.Debug|Any CPU.Build.0 = Debug|Any CPU
		{9F397C3C-40A4-46A5-9D76-F9D5D2A62CB6}.Release|Any CPU.ActiveCfg = Release|Any CPU
		{9F397C3C-40A4-46A5-9D76-F9D5D2A62CB6}.Release|Any CPU.Build.0 = Release|Any CPU
		{876848AC-296F-46E5-8ABC-8EE6B99FFE34}.Debug|Any CPU.ActiveCfg = Debug|Any CPU
		{876848AC-296F-46E5-8ABC-8EE6B99FFE34}.Debug|Any CPU.Build.0 = Debug|Any CPU
		{876848AC-296F-46E5-8ABC-8EE6B99FFE34}.Release|Any CPU.ActiveCfg = Release|Any CPU
		{876848AC-296F-46E5-8ABC-8EE6B99FFE34}.Release|Any CPU.Build.0 = Release|Any CPU
	EndGlobalSection
	GlobalSection(SolutionProperties) = preSolution
		HideSolutionNode = FALSE
	EndGlobalSection
	GlobalSection(ExtensibilityGlobals) = postSolution
		SolutionGuid = {37D03821-7648-441F-8A0E-0422E8A89453}
	EndGlobalSection
EndGlobal
